
Microsoft Visual Studio Solution File, Format Version 12.00
# Visual Studio 15
VisualStudioVersion = 15.0.28010.2041
MinimumVisualStudioVersion = 10.0.40219.1
Project("{8BC9CEB8-8B4A-11D0-8D11-00A0C91BC942}") = "UDPserver", "UDPserver\UDPserver.vcxproj", "{285E788D-CEC3-476D-B732-413A2E0C2774}"
EndProject
Global
	GlobalSection(SolutionConfigurationPlatforms) = preSolution
		Debug|x64 = Debug|x64
		Debug|x86 = Debug|x86
		Release|x64 = Release|x64
		Release|x86 = Release|x86
	EndGlobalSection
	GlobalSection(ProjectConfigurationPlatforms) = postSolution
		{285E788D-CEC3-476D-B732-413A2E0C2774}.Debug|x64.ActiveCfg = Debug|x64
		{285E788D-CEC3-476D-B732-413A2E0C2774}.Debug|x64.Build.0 = Debug|x64
		{285E788D-CEC3-476D-B732-413A2E0C2774}.Debug|x86.ActiveCfg = Debug|Win32
		{285E788D-CEC3-476D-B732-413A2E0C2774}.Debug|x86.Build.0 = Debug|Win32
		{285E788D-CEC3-476D-B732-413A2E0C2774}.Release|x64.ActiveCfg = Release|x64
		{285E788D-CEC3-476D-B732-413A2E0C2774}.Release|x64.Build.0 = Release|x64
		{285E788D-CEC3-476D-B732-413A2E0C2774}.Release|x86.ActiveCfg = Release|Win32
		{285E788D-CEC3-476D-B732-413A2E0C2774}.Release|x86.Build.0 = Release|Win32
	EndGlobalSection
	GlobalSection(SolutionProperties) = preSolution
		HideSolutionNode = FALSE
	EndGlobalSection
	GlobalSection(ExtensibilityGlobals) = postSolution
		SolutionGuid = {51345B9C-BD5E-434C-A068-8B59D68E8FCD}
	EndGlobalSection
EndGlobal
