
Microsoft Visual Studio Solution File, Format Version 9.00
# Visual Studio 2005
Project("{8BC9CEB8-8B4A-11D0-8D11-00A0C91BC942}") = "SocketTestClient", "SocketTestClient.vcproj", "{E230585D-5F4D-4880-B976-70E5B8FBB704}"
EndProject
Global
	GlobalSection(SolutionConfigurationPlatforms) = preSolution
		Debug|Win32 = Debug|Win32
		Release|Win32 = Release|Win32
	EndGlobalSection
	GlobalSection(ProjectConfigurationPlatforms) = postSolution
		{E230585D-5F4D-4880-B976-70E5B8FBB704}.Debug|Win32.ActiveCfg = Debug|Win32
		{E230585D-5F4D-4880-B976-70E5B8FBB704}.Debug|Win32.Build.0 = Debug|Win32
		{E230585D-5F4D-4880-B976-70E5B8FBB704}.Release|Win32.ActiveCfg = Release|Win32
		{E230585D-5F4D-4880-B976-70E5B8FBB704}.Release|Win32.Build.0 = Release|Win32
	EndGlobalSection
	GlobalSection(SolutionProperties) = preSolution
		HideSolutionNode = FALSE
	EndGlobalSection
EndGlobal
