
Microsoft Visual Studio Solution File, Format Version 12.00
# Visual Studio 15
VisualStudioVersion = 15.0.28307.136
MinimumVisualStudioVersion = 10.0.40219.1
Project("{8BC9CEB8-8B4A-11D0-8D11-00A0C91BC942}") = "UDPClient", "UDPClient\UDPClient.vcxproj", "{16333E48-7EC4-41BA-B447-F4B77CD74209}"
EndProject
Global
	GlobalSection(SolutionConfigurationPlatforms) = preSolution
		Debug|x64 = Debug|x64
		Debug|x86 = Debug|x86
		Release|x64 = Release|x64
		Release|x86 = Release|x86
	EndGlobalSection
	GlobalSection(ProjectConfigurationPlatforms) = postSolution
		{16333E48-7EC4-41BA-B447-F4B77CD74209}.Debug|x64.ActiveCfg = Debug|x64
		{16333E48-7EC4-41BA-B447-F4B77CD74209}.Debug|x64.Build.0 = Debug|x64
		{16333E48-7EC4-41BA-B447-F4B77CD74209}.Debug|x86.ActiveCfg = Debug|Win32
		{16333E48-7EC4-41BA-B447-F4B77CD74209}.Debug|x86.Build.0 = Debug|Win32
		{16333E48-7EC4-41BA-B447-F4B77CD74209}.Release|x64.ActiveCfg = Release|x64
		{16333E48-7EC4-41BA-B447-F4B77CD74209}.Release|x64.Build.0 = Release|x64
		{16333E48-7EC4-41BA-B447-F4B77CD74209}.Release|x86.ActiveCfg = Release|Win32
		{16333E48-7EC4-41BA-B447-F4B77CD74209}.Release|x86.Build.0 = Release|Win32
	EndGlobalSection
	GlobalSection(SolutionProperties) = preSolution
		HideSolutionNode = FALSE
	EndGlobalSection
	GlobalSection(ExtensibilityGlobals) = postSolution
		SolutionGuid = {DBCD8DD2-D15E-422C-B9FB-7F13D7F07C72}
	EndGlobalSection
EndGlobal
